
Microsoft Visual Studio Solution File, Format Version 12.00
# Visual Studio Version 16
VisualStudioVersion = 16.0.31515.178
MinimumVisualStudioVersion = 10.0.40219.1
Project("{FAE04EC0-301F-11D3-BF4B-00C04F79EFBC}") = "Grib2NetCore", "Grib2NetCore\Grib2NetCore.csproj", "{5204B6B4-22F8-433C-9668-9C5811373D36}"
EndProject
Global
	GlobalSection(SolutionConfigurationPlatforms) = preSolution
		Debug|Any CPU = Debug|Any CPU
		Release|Any CPU = Release|Any CPU
	EndGlobalSection
	GlobalSection(ProjectConfigurationPlatforms) = postSolution
		{5204B6B4-22F8-433C-9668-9C5811373D36}.Debug|Any CPU.ActiveCfg = Debug|Any CPU
		{5204B6B4-22F8-433C-9668-9C5811373D36}.Debug|Any CPU.Build.0 = Debug|Any CPU
		{5204B6B4-22F8-433C-9668-9C5811373D36}.Release|Any CPU.ActiveCfg = Release|Any CPU
		{5204B6B4-22F8-433C-9668-9C5811373D36}.Release|Any CPU.Build.0 = Release|Any CPU
	EndGlobalSection
	GlobalSection(SolutionProperties) = preSolution
		HideSolutionNode = FALSE
	EndGlobalSection
	GlobalSection(ExtensibilityGlobals) = postSolution
		SolutionGuid = {C2B5D3D2-8FED-4BE2-B56A-7C17280CD8F8}
	EndGlobalSection
EndGlobal
